// !$*UTF8*$!
{
	archiveVersion = 1;
	classes = {
	};
	objectVersion = 46;
	objects = {

/* Begin PBXBuildFile section */
		A78882AA1AA7FE88004BFBDF /* Foundation.framework in Frameworks */ = {isa = PBXBuildFile; fileRef = A78882A91AA7FE88004BFBDF /* Foundation.framework */; };
		A78882AC1AA7FE88004BFBDF /* CoreGraphics.framework in Frameworks */ = {isa = PBXBuildFile; fileRef = A78882AB1AA7FE88004BFBDF /* CoreGraphics.framework */; };
		A78882AE1AA7FE88004BFBDF /* UIKit.framework in Frameworks */ = {isa = PBXBuildFile; fileRef = A78882AD1AA7FE88004BFBDF /* UIKit.framework */; };
		A78882B01AA7FE88004BFBDF /* CoreData.framework in Frameworks */ = {isa = PBXBuildFile; fileRef = A78882AF1AA7FE88004BFBDF /* CoreData.framework */; };
		A78882B61AA7FE88004BFBDF /* InfoPlist.strings in Resources */ = {isa = PBXBuildFile; fileRef = A78882B41AA7FE88004BFBDF /* InfoPlist.strings */; };
		A78882B81AA7FE88004BFBDF /* main.m in Sources */ = {isa = PBXBuildFile; fileRef = A78882B71AA7FE88004BFBDF /* main.m */; };
		A78882BC1AA7FE88004BFBDF /* SAppDelegate.m in Sources */ = {isa = PBXBuildFile; fileRef = A78882BB1AA7FE88004BFBDF /* SAppDelegate.m */; };
		A78882BF1AA7FE88004BFBDF /* MEI.xcdatamodeld in Sources */ = {isa = PBXBuildFile; fileRef = A78882BD1AA7FE88004BFBDF /* MEI.xcdatamodeld */; };
		A78882C11AA7FE88004BFBDF /* Images.xcassets in Resources */ = {isa = PBXBuildFile; fileRef = A78882C01AA7FE88004BFBDF /* Images.xcassets */; };
		A78882C81AA7FE88004BFBDF /* XCTest.framework in Frameworks */ = {isa = PBXBuildFile; fileRef = A78882C71AA7FE88004BFBDF /* XCTest.framework */; };
		A78882C91AA7FE88004BFBDF /* Foundation.framework in Frameworks */ = {isa = PBXBuildFile; fileRef = A78882A91AA7FE88004BFBDF /* Foundation.framework */; };
		A78882CA1AA7FE88004BFBDF /* UIKit.framework in Frameworks */ = {isa = PBXBuildFile; fileRef = A78882AD1AA7FE88004BFBDF /* UIKit.framework */; };
		A78882CB1AA7FE88004BFBDF /* CoreData.framework in Frameworks */ = {isa = PBXBuildFile; fileRef = A78882AF1AA7FE88004BFBDF /* CoreData.framework */; };
		A78882D31AA7FE88004BFBDF /* InfoPlist.strings in Resources */ = {isa = PBXBuildFile; fileRef = A78882D11AA7FE88004BFBDF /* InfoPlist.strings */; };
		A78882D51AA7FE88004BFBDF /* MEITests.m in Sources */ = {isa = PBXBuildFile; fileRef = A78882D41AA7FE88004BFBDF /* MEITests.m */; };
/* End PBXBuildFile section */

/* Begin PBXContainerItemProxy section */
		A78882CC1AA7FE88004BFBDF /* PBXContainerItemProxy */ = {
			isa = PBXContainerItemProxy;
			containerPortal = A788829E1AA7FE87004BFBDF /* Project object */;
			proxyType = 1;
			remoteGlobalIDString = A78882A51AA7FE87004BFBDF;
			remoteInfo = MEI;
		};
/* End PBXContainerItemProxy section */

/* Begin PBXFileReference section */
		A78882A61AA7FE88004BFBDF /* MEI.app */ = {isa = PBXFileReference; explicitFileType = wrapper.application; includeInIndex = 0; path = MEI.app; sourceTree = BUILT_PRODUCTS_DIR; };
		A78882A91AA7FE88004BFBDF /* Foundation.framework */ = {isa = PBXFileReference; lastKnownFileType = wrapper.framework; name = Foundation.framework; path = System/Library/Frameworks/Foundation.framework; sourceTree = SDKROOT; };
		A78882AB1AA7FE88004BFBDF /* CoreGraphics.framework */ = {isa = PBXFileReference; lastKnownFileType = wrapper.framework; name = CoreGraphics.framework; path = System/Library/Frameworks/CoreGraphics.framework; sourceTree = SDKROOT; };
		A78882AD1AA7FE88004BFBDF /* UIKit.framework */ = {isa = PBXFileReference; lastKnownFileType = wrapper.framework; name = UIKit.framework; path = System/Library/Frameworks/UIKit.framework; sourceTree = SDKROOT; };
		A78882AF1AA7FE88004BFBDF /* CoreData.framework */ = {isa = PBXFileReference; lastKnownFileType = wrapper.framework; name = CoreData.framework; path = System/Library/Frameworks/CoreData.framework; sourceTree = SDKROOT; };
		A78882B31AA7FE88004BFBDF /* MEI-Info.plist */ = {isa = PBXFileReference; lastKnownFileType = text.plist.xml; path = "MEI-Info.plist"; sourceTree = "<group>"; };
		A78882B51AA7FE88004BFBDF /* en */ = {isa = PBXFileReference; lastKnownFileType = text.plist.strings; name = en; path = en.lproj/InfoPlist.strings; sourceTree = "<group>"; };
		A78882B71AA7FE88004BFBDF /* main.m */ = {isa = PBXFileReference; lastKnownFileType = sourcecode.c.objc; path = main.m; sourceTree = "<group>"; };
		A78882B91AA7FE88004BFBDF /* MEI-Prefix.pch */ = {isa = PBXFileReference; lastKnownFileType = sourcecode.c.h; path = "MEI-Prefix.pch"; sourceTree = "<group>"; };
		A78882BA1AA7FE88004BFBDF /* SAppDelegate.h */ = {isa = PBXFileReference; lastKnownFileType = sourcecode.c.h; path = SAppDelegate.h; sourceTree = "<group>"; };
		A78882BB1AA7FE88004BFBDF /* SAppDelegate.m */ = {isa = PBXFileReference; lastKnownFileType = sourcecode.c.objc; path = SAppDelegate.m; sourceTree = "<group>"; };
		A78882BE1AA7FE88004BFBDF /* MEI.xcdatamodel */ = {isa = PBXFileReference; lastKnownFileType = wrapper.xcdatamodel; path = MEI.xcdatamodel; sourceTree = "<group>"; };
		A78882C01AA7FE88004BFBDF /* Images.xcassets */ = {isa = PBXFileReference; lastKnownFileType = folder.assetcatalog; path = Images.xcassets; sourceTree = "<group>"; };
		A78882C61AA7FE88004BFBDF /* MEITests.xctest */ = {isa = PBXFileReference; explicitFileType = wrapper.cfbundle; includeInIndex = 0; path = MEITests.xctest; sourceTree = BUILT_PRODUCTS_DIR; };
		A78882C71AA7FE88004BFBDF /* XCTest.framework */ = {isa = PBXFileReference; lastKnownFileType = wrapper.framework; name = XCTest.framework; path = Library/Frameworks/XCTest.framework; sourceTree = DEVELOPER_DIR; };
		A78882D01AA7FE88004BFBDF /* MEITests-Info.plist */ = {isa = PBXFileReference; lastKnownFileType = text.plist.xml; path = "MEITests-Info.plist"; sourceTree = "<group>"; };
		A78882D21AA7FE88004BFBDF /* en */ = {isa = PBXFileReference; lastKnownFileType = text.plist.strings; name = en; path = en.lproj/InfoPlist.strings; sourceTree = "<group>"; };
		A78882D41AA7FE88004BFBDF /* MEITests.m */ = {isa = PBXFileReference; lastKnownFileType = sourcecode.c.objc; path = MEITests.m; sourceTree = "<group>"; };
/* End PBXFileReference section */

/* Begin PBXFrameworksBuildPhase section */
		A78882A31AA7FE87004BFBDF /* Frameworks */ = {
			isa = PBXFrameworksBuildPhase;
			buildActionMask = 2147483647;
			files = (
				A78882AC1AA7FE88004BFBDF /* CoreGraphics.framework in Frameworks */,
				A78882B01AA7FE88004BFBDF /* CoreData.framework in Frameworks */,
				A78882AE1AA7FE88004BFBDF /* UIKit.framework in Frameworks */,
				A78882AA1AA7FE88004BFBDF /* Foundation.framework in Frameworks */,
			);
			runOnlyForDeploymentPostprocessing = 0;
		};
		A78882C31AA7FE88004BFBDF /* Frameworks */ = {
			isa = PBXFrameworksBuildPhase;
			buildActionMask = 2147483647;
			files = (
				A78882C81AA7FE88004BFBDF /* XCTest.framework in Frameworks */,
				A78882CB1AA7FE88004BFBDF /* CoreData.framework in Frameworks */,
				A78882CA1AA7FE88004BFBDF /* UIKit.framework in Frameworks */,
				A78882C91AA7FE88004BFBDF /* Foundation.framework in Frameworks */,
			);
			runOnlyForDeploymentPostprocessing = 0;
		};
/* End PBXFrameworksBuildPhase section */

/* Begin PBXGroup section */
		A788829D1AA7FE87004BFBDF = {
			isa = PBXGroup;
			children = (
				A78882B11AA7FE88004BFBDF /* MEI */,
				A78882CE1AA7FE88004BFBDF /* MEITests */,
				A78882A81AA7FE88004BFBDF /* Frameworks */,
				A78882A71AA7FE88004BFBDF /* Products */,
			);
			sourceTree = "<group>";
		};
		A78882A71AA7FE88004BFBDF /* Products */ = {
			isa = PBXGroup;
			children = (
				A78882A61AA7FE88004BFBDF /* MEI.app */,
				A78882C61AA7FE88004BFBDF /* MEITests.xctest */,
			);
			name = Products;
			sourceTree = "<group>";
		};
		A78882A81AA7FE88004BFBDF /* Frameworks */ = {
			isa = PBXGroup;
			children = (
				A78882A91AA7FE88004BFBDF /* Foundation.framework */,
				A78882AB1AA7FE88004BFBDF /* CoreGraphics.framework */,
				A78882AD1AA7FE88004BFBDF /* UIKit.framework */,
				A78882AF1AA7FE88004BFBDF /* CoreData.framework */,
				A78882C71AA7FE88004BFBDF /* XCTest.framework */,
			);
			name = Frameworks;
			sourceTree = "<group>";
		};
		A78882B11AA7FE88004BFBDF /* MEI */ = {
			isa = PBXGroup;
			children = (
				A78882BA1AA7FE88004BFBDF /* SAppDelegate.h */,
				A78882BB1AA7FE88004BFBDF /* SAppDelegate.m */,
				A78882C01AA7FE88004BFBDF /* Images.xcassets */,
				A78882BD1AA7FE88004BFBDF /* MEI.xcdatamodeld */,
				A78882B21AA7FE88004BFBDF /* Supporting Files */,
			);
			path = MEI;
			sourceTree = "<group>";
		};
		A78882B21AA7FE88004BFBDF /* Supporting Files */ = {
			isa = PBXGroup;
			children = (
				A78882B31AA7FE88004BFBDF /* MEI-Info.plist */,
				A78882B41AA7FE88004BFBDF /* InfoPlist.strings */,
				A78882B71AA7FE88004BFBDF /* main.m */,
				A78882B91AA7FE88004BFBDF /* MEI-Prefix.pch */,
			);
			name = "Supporting Files";
			sourceTree = "<group>";
		};
		A78882CE1AA7FE88004BFBDF /* MEITests */ = {
			isa = PBXGroup;
			children = (
				A78882D41AA7FE88004BFBDF /* MEITests.m */,
				A78882CF1AA7FE88004BFBDF /* Supporting Files */,
			);
			path = MEITests;
			sourceTree = "<group>";
		};
		A78882CF1AA7FE88004BFBDF /* Supporting Files */ = {
			isa = PBXGroup;
			children = (
				A78882D01AA7FE88004BFBDF /* MEITests-Info.plist */,
				A78882D11AA7FE88004BFBDF /* InfoPlist.strings */,
			);
			name = "Supporting Files";
			sourceTree = "<group>";
		};
/* End PBXGroup section */

/* Begin PBXNativeTarget section */
		A78882A51AA7FE87004BFBDF /* MEI */ = {
			isa = PBXNativeTarget;
			buildConfigurationList = A78882D81AA7FE88004BFBDF /* Build configuration list for PBXNativeTarget "MEI" */;
			buildPhases = (
				A78882A21AA7FE87004BFBDF /* Sources */,
				A78882A31AA7FE87004BFBDF /* Frameworks */,
				A78882A41AA7FE87004BFBDF /* Resources */,
			);
			buildRules = (
			);
			dependencies = (
			);
			name = MEI;
			productName = MEI;
			productReference = A78882A61AA7FE88004BFBDF /* MEI.app */;
			productType = "com.apple.product-type.application";
		};
		A78882C51AA7FE88004BFBDF /* MEITests */ = {
			isa = PBXNativeTarget;
			buildConfigurationList = A78882DB1AA7FE88004BFBDF /* Build configuration list for PBXNativeTarget "MEITests" */;
			buildPhases = (
				A78882C21AA7FE88004BFBDF /* Sources */,
				A78882C31AA7FE88004BFBDF /* Frameworks */,
				A78882C41AA7FE88004BFBDF /* Resources */,
			);
			buildRules = (
			);
			dependencies = (
				A78882CD1AA7FE88004BFBDF /* PBXTargetDependency */,
			);
			name = MEITests;
			productName = MEITests;
			productReference = A78882C61AA7FE88004BFBDF /* MEITests.xctest */;
			productType = "com.apple.product-type.bundle.unit-test";
		};
/* End PBXNativeTarget section */

/* Begin PBXProject section */
		A788829E1AA7FE87004BFBDF /* Project object */ = {
			isa = PBXProject;
			attributes = {
				CLASSPREFIX = S;
				LastUpgradeCheck = 0510;
				ORGANIZATIONNAME = same.world.;
				TargetAttributes = {
					A78882C51AA7FE88004BFBDF = {
						TestTargetID = A78882A51AA7FE87004BFBDF;
					};
				};
			};
			buildConfigurationList = A78882A11AA7FE87004BFBDF /* Build configuration list for PBXProject "MEI" */;
			compatibilityVersion = "Xcode 3.2";
			developmentRegion = English;
			hasScannedForEncodings = 0;
			knownRegions = (
				en,
			);
			mainGroup = A788829D1AA7FE87004BFBDF;
			productRefGroup = A78882A71AA7FE88004BFBDF /* Products */;
			projectDirPath = "";
			projectRoot = "";
			targets = (
				A78882A51AA7FE87004BFBDF /* MEI */,
				A78882C51AA7FE88004BFBDF /* MEITests */,
			);
		};
/* End PBXProject section */

/* Begin PBXResourcesBuildPhase section */
		A78882A41AA7FE87004BFBDF /* Resources */ = {
			isa = PBXResourcesBuildPhase;
			buildActionMask = 2147483647;
			files = (
				A78882B61AA7FE88004BFBDF /* InfoPlist.strings in Resources */,
				A78882C11AA7FE88004BFBDF /* Images.xcassets in Resources */,
			);
			runOnlyForDeploymentPostprocessing = 0;
		};
		A78882C41AA7FE88004BFBDF /* Resources */ = {
			isa = PBXResourcesBuildPhase;
			buildActionMask = 2147483647;
			files = (
				A78882D31AA7FE88004BFBDF /* InfoPlist.strings in Resources */,
			);
			runOnlyForDeploymentPostprocessing = 0;
		};
/* End PBXResourcesBuildPhase section */

/* Begin PBXSourcesBuildPhase section */
		A78882A21AA7FE87004BFBDF /* Sources */ = {
			isa = PBXSourcesBuildPhase;
			buildActionMask = 2147483647;
			files = (
				A78882BC1AA7FE88004BFBDF /* SAppDelegate.m in Sources */,
				A78882BF1AA7FE88004BFBDF /* MEI.xcdatamodeld in Sources */,
				A78882B81AA7FE88004BFBDF /* main.m in Sources */,
			);
			runOnlyForDeploymentPostprocessing = 0;
		};
		A78882C21AA7FE88004BFBDF /* Sources */ = {
			isa = PBXSourcesBuildPhase;
			buildActionMask = 2147483647;
			files = (
				A78882D51AA7FE88004BFBDF /* MEITests.m in Sources */,
			);
			runOnlyForDeploymentPostprocessing = 0;
		};
/* End PBXSourcesBuildPhase section */

/* Begin PBXTargetDependency section */
		A78882CD1AA7FE88004BFBDF /* PBXTargetDependency */ = {
			isa = PBXTargetDependency;
			target = A78882A51AA7FE87004BFBDF /* MEI */;
			targetProxy = A78882CC1AA7FE88004BFBDF /* PBXContainerItemProxy */;
		};
/* End PBXTargetDependency section */

/* Begin PBXVariantGroup section */
		A78882B41AA7FE88004BFBDF /* InfoPlist.strings */ = {
			isa = PBXVariantGroup;
			children = (
				A78882B51AA7FE88004BFBDF /* en */,
			);
			name = InfoPlist.strings;
			sourceTree = "<group>";
		};
		A78882D11AA7FE88004BFBDF /* InfoPlist.strings */ = {
			isa = PBXVariantGroup;
			children = (
				A78882D21AA7FE88004BFBDF /* en */,
			);
			name = InfoPlist.strings;
			sourceTree = "<group>";
		};
/* End PBXVariantGroup section */

/* Begin XCBuildConfiguration section */
		A78882D61AA7FE88004BFBDF /* Debug */ = {
			isa = XCBuildConfiguration;
			buildSettings = {
				ALWAYS_SEARCH_USER_PATHS = NO;
				CLANG_CXX_LANGUAGE_STANDARD = "gnu++0x";
				CLANG_CXX_LIBRARY = "libc++";
				CLANG_ENABLE_MODULES = YES;
				CLANG_ENABLE_OBJC_ARC = YES;
				CLANG_WARN_BOOL_CONVERSION = YES;
				CLANG_WARN_CONSTANT_CONVERSION = YES;
				CLANG_WARN_DIRECT_OBJC_ISA_USAGE = YES_ERROR;
				CLANG_WARN_EMPTY_BODY = YES;
				CLANG_WARN_ENUM_CONVERSION = YES;
				CLANG_WARN_INT_CONVERSION = YES;
				CLANG_WARN_OBJC_ROOT_CLASS = YES_ERROR;
				CLANG_WARN__DUPLICATE_METHOD_MATCH = YES;
				"CODE_SIGN_IDENTITY[sdk=iphoneos*]" = "iPhone Developer";
				COPY_PHASE_STRIP = NO;
				GCC_C_LANGUAGE_STANDARD = gnu99;
				GCC_DYNAMIC_NO_PIC = NO;
				GCC_OPTIMIZATION_LEVEL = 0;
				GCC_PREPROCESSOR_DEFINITIONS = (
					"DEBUG=1",
					"$(inherited)",
				);
				GCC_SYMBOLS_PRIVATE_EXTERN = NO;
				GCC_WARN_64_TO_32_BIT_CONVERSION = YES;
				GCC_WARN_ABOUT_RETURN_TYPE = YES_ERROR;
				GCC_WARN_UNDECLARED_SELECTOR = YES;
				GCC_WARN_UNINITIALIZED_AUTOS = YES_AGGRESSIVE;
				GCC_WARN_UNUSED_FUNCTION = YES;
				GCC_WARN_UNUSED_VARIABLE = YES;
				IPHONEOS_DEPLOYMENT_TARGET = 7.1;
				ONLY_ACTIVE_ARCH = YES;
				SDKROOT = iphoneos;
				TARGETED_DEVICE_FAMILY = "1,2";
			};
			name = Debug;
		};
		A78882D71AA7FE88004BFBDF /* Release */ = {
			isa = XCBuildConfiguration;
			buildSettings = {
				ALWAYS_SEARCH_USER_PATHS = NO;
				CLANG_CXX_LANGUAGE_STANDARD = "gnu++0x";
				CLANG_CXX_LIBRARY = "libc++";
				CLANG_ENABLE_MODULES = YES;
				CLANG_ENABLE_OBJC_ARC = YES;
				CLANG_WARN_BOOL_CONVERSION = YES;
				CLANG_WARN_CONSTANT_CONVERSION = YES;
				CLANG_WARN_DIRECT_OBJC_ISA_USAGE = YES_ERROR;
				CLANG_WARN_EMPTY_BODY = YES;
				CLANG_WARN_ENUM_CONVERSION = YES;
				CLANG_WARN_INT_CONVERSION = YES;
				CLANG_WARN_OBJC_ROOT_CLASS = YES_ERROR;
				CLANG_WARN__DUPLICATE_METHOD_MATCH = YES;
				"CODE_SIGN_IDENTITY[sdk=iphoneos*]" = "iPhone Developer";
				COPY_PHASE_STRIP = YES;
				ENABLE_NS_ASSERTIONS = NO;
				GCC_C_LANGUAGE_STANDARD = gnu99;
				GCC_WARN_64_TO_32_BIT_CONVERSION = YES;
				GCC_WARN_ABOUT_RETURN_TYPE = YES_ERROR;
				GCC_WARN_UNDECLARED_SELECTOR = YES;
				GCC_WARN_UNINITIALIZED_AUTOS = YES_AGGRESSIVE;
				GCC_WARN_UNUSED_FUNCTION = YES;
				GCC_WARN_UNUSED_VARIABLE = YES;
				IPHONEOS_DEPLOYMENT_TARGET = 7.1;
				SDKROOT = iphoneos;
				TARGETED_DEVICE_FAMILY = "1,2";
				VALIDATE_PRODUCT = YES;
			};
			name = Release;
		};
		A78882D91AA7FE88004BFBDF /* Debug */ = {
			isa = XCBuildConfiguration;
			buildSettings = {
				ASSETCATALOG_COMPILER_APPICON_NAME = AppIcon;
				ASSETCATALOG_COMPILER_LAUNCHIMAGE_NAME = LaunchImage;
				GCC_PRECOMPILE_PREFIX_HEADER = YES;
				GCC_PREFIX_HEADER = "MEI/MEI-Prefix.pch";
				INFOPLIST_FILE = "MEI/MEI-Info.plist";
				PRODUCT_NAME = "$(TARGET_NAME)";
				WRAPPER_EXTENSION = app;
			};
			name = Debug;
		};
		A78882DA1AA7FE88004BFBDF /* Release */ = {
			isa = XCBuildConfiguration;
			buildSettings = {
				ASSETCATALOG_COMPILER_APPICON_NAME = AppIcon;
				ASSETCATALOG_COMPILER_LAUNCHIMAGE_NAME = LaunchImage;
				GCC_PRECOMPILE_PREFIX_HEADER = YES;
				GCC_PREFIX_HEADER = "MEI/MEI-Prefix.pch";
				INFOPLIST_FILE = "MEI/MEI-Info.plist";
				PRODUCT_NAME = "$(TARGET_NAME)";
				WRAPPER_EXTENSION = app;
			};
			name = Release;
		};
		A78882DC1AA7FE88004BFBDF /* Debug */ = {
			isa = XCBuildConfiguration;
			buildSettings = {
				BUNDLE_LOADER = "$(BUILT_PRODUCTS_DIR)/MEI.app/MEI";
				FRAMEWORK_SEARCH_PATHS = (
					"$(SDKROOT)/Developer/Library/Frameworks",
					"$(inherited)",
					"$(DEVELOPER_FRAMEWORKS_DIR)",
				);
				GCC_PRECOMPILE_PREFIX_HEADER = YES;
				GCC_PREFIX_HEADER = "MEI/MEI-Prefix.pch";
				GCC_PREPROCESSOR_DEFINITIONS = (
					"DEBUG=1",
					"$(inherited)",
				);
				INFOPLIST_FILE = "MEITests/MEITests-Info.plist";
				PRODUCT_NAME = "$(TARGET_NAME)";
				TEST_HOST = "$(BUNDLE_LOADER)";
				WRAPPER_EXTENSION = xctest;
			};
			name = Debug;
		};
		A78882DD1AA7FE88004BFBDF /* Release */ = {
			isa = XCBuildConfiguration;
			buildSettings = {
				BUNDLE_LOADER = "$(BUILT_PRODUCTS_DIR)/MEI.app/MEI";
				FRAMEWORK_SEARCH_PATHS = (
					"$(SDKROOT)/Developer/Library/Frameworks",
					"$(inherited)",
					"$(DEVELOPER_FRAMEWORKS_DIR)",
				);
				GCC_PRECOMPILE_PREFIX_HEADER = YES;
				GCC_PREFIX_HEADER = "MEI/MEI-Prefix.pch";
				INFOPLIST_FILE = "MEITests/MEITests-Info.plist";
				PRODUCT_NAME = "$(TARGET_NAME)";
				TEST_HOST = "$(BUNDLE_LOADER)";
				WRAPPER_EXTENSION = xctest;
			};
			name = Release;
		};
/* End XCBuildConfiguration section */

/* Begin XCConfigurationList section */
		A78882A11AA7FE87004BFBDF /* Build configuration list for PBXProject "MEI" */ = {
			isa = XCConfigurationList;
			buildConfigurations = (
				A78882D61AA7FE88004BFBDF /* Debug */,
				A78882D71AA7FE88004BFBDF /* Release */,
			);
			defaultConfigurationIsVisible = 0;
			defaultConfigurationName = Release;
		};
		A78882D81AA7FE88004BFBDF /* Build configuration list for PBXNativeTarget "MEI" */ = {
			isa = XCConfigurationList;
			buildConfigurations = (
				A78882D91AA7FE88004BFBDF /* Debug */,
				A78882DA1AA7FE88004BFBDF /* Release */,
			);
			defaultConfigurationIsVisible = 0;
		};
		A78882DB1AA7FE88004BFBDF /* Build configuration list for PBXNativeTarget "MEITests" */ = {
			isa = XCConfigurationList;
			buildConfigurations = (
				A78882DC1AA7FE88004BFBDF /* Debug */,
				A78882DD1AA7FE88004BFBDF /* Release */,
			);
			defaultConfigurationIsVisible = 0;
		};
/* End XCConfigurationList section */

/* Begin XCVersionGroup section */
		A78882BD1AA7FE88004BFBDF /* MEI.xcdatamodeld */ = {
			isa = XCVersionGroup;
			children = (
				A78882BE1AA7FE88004BFBDF /* MEI.xcdatamodel */,
			);
			currentVersion = A78882BE1AA7FE88004BFBDF /* MEI.xcdatamodel */;
			path = MEI.xcdatamodeld;
			sourceTree = "<group>";
			versionGroupType = wrapper.xcdatamodel;
		};
/* End XCVersionGroup section */
	};
	rootObject = A788829E1AA7FE87004BFBDF /* Project object */;
}
